
Microsoft Visual Studio Solution File, Format Version 12.00
# Visual Studio Version 16
VisualStudioVersion = 16.0.31005.135
MinimumVisualStudioVersion = 10.0.40219.1
Project("{FAE04EC0-301F-11D3-BF4B-00C04F79EFBC}") = "BibliotekaBase", "BibliotekaBase\BibliotekaBase.csproj", "{7EC61E03-EB45-4625-839A-A6044972264C}"
EndProject
Global
	GlobalSection(SolutionConfigurationPlatforms) = preSolution
		Debug|Any CPU = Debug|Any CPU
		Release|Any CPU = Release|Any CPU
	EndGlobalSection
	GlobalSection(ProjectConfigurationPlatforms) = postSolution
		{7EC61E03-EB45-4625-839A-A6044972264C}.Debug|Any CPU.ActiveCfg = Debug|Any CPU
		{7EC61E03-EB45-4625-839A-A6044972264C}.Debug|Any CPU.Build.0 = Debug|Any CPU
		{7EC61E03-EB45-4625-839A-A6044972264C}.Release|Any CPU.ActiveCfg = Release|Any CPU
		{7EC61E03-EB45-4625-839A-A6044972264C}.Release|Any CPU.Build.0 = Release|Any CPU
	EndGlobalSection
	GlobalSection(SolutionProperties) = preSolution
		HideSolutionNode = FALSE
	EndGlobalSection
	GlobalSection(ExtensibilityGlobals) = postSolution
		SolutionGuid = {E62F7262-2BFD-4DCD-AD68-EAE08C224055}
	EndGlobalSection
EndGlobal
